{
  "name": "members_only",
  "requires": true,
  "lockfileVersion": 1,
  "dependencies": {
    "bulma-helpers": {
      "version": "0.3.12",
      "resolved": "https://registry.npmjs.org/bulma-helpers/-/bulma-helpers-0.3.12.tgz",
      "integrity": "sha512-FHF3rYdVwn7cUE/u6zscozc38+JFBdcKM0d+WQf3btNs47zKStc2mabV3ab3WZ+gYU4a992Or0cCwA/2vkLJ0A=="
    }
  }
}
